
Microsoft Visual Studio Solution File, Format Version 12.00
# Visual Studio Version 16
VisualStudioVersion = 16.0.31112.23
MinimumVisualStudioVersion = 10.0.40219.1
Project("{FAE04EC0-301F-11D3-BF4B-00C04F79EFBC}") = "Lab12", "Lab12\Lab12.csproj", "{48E09665-2412-4844-AE77-AE2FF046C1DB}"
EndProject
Global
	GlobalSection(SolutionConfigurationPlatforms) = preSolution
		Debug|Any CPU = Debug|Any CPU
		Release|Any CPU = Release|Any CPU
	EndGlobalSection
	GlobalSection(ProjectConfigurationPlatforms) = postSolution
		{48E09665-2412-4844-AE77-AE2FF046C1DB}.Debug|Any CPU.ActiveCfg = Debug|Any CPU
		{48E09665-2412-4844-AE77-AE2FF046C1DB}.Debug|Any CPU.Build.0 = Debug|Any CPU
		{48E09665-2412-4844-AE77-AE2FF046C1DB}.Release|Any CPU.ActiveCfg = Release|Any CPU
		{48E09665-2412-4844-AE77-AE2FF046C1DB}.Release|Any CPU.Build.0 = Release|Any CPU
	EndGlobalSection
	GlobalSection(SolutionProperties) = preSolution
		HideSolutionNode = FALSE
	EndGlobalSection
	GlobalSection(ExtensibilityGlobals) = postSolution
		SolutionGuid = {4B4658F5-FB8B-4FB8-BF57-49EF5835C2FF}
	EndGlobalSection
EndGlobal
